
Microsoft Visual Studio Solution File, Format Version 12.00
# Visual Studio Version 16
VisualStudioVersion = 16.0.30128.74
MinimumVisualStudioVersion = 10.0.40219.1
Project("{9A19103F-16F7-4668-BE54-9A1E7A4F7556}") = "EtherealHorizons", "EtherealHorizons.csproj", "{23F5CB32-8E4D-400A-93A0-27D8F6CB08ED}"
EndProject
Global
	GlobalSection(SolutionConfigurationPlatforms) = preSolution
		Debug|Any CPU = Debug|Any CPU
		Release|Any CPU = Release|Any CPU
	EndGlobalSection
	GlobalSection(ProjectConfigurationPlatforms) = postSolution
		{23F5CB32-8E4D-400A-93A0-27D8F6CB08ED}.Debug|Any CPU.ActiveCfg = Debug|Any CPU
		{23F5CB32-8E4D-400A-93A0-27D8F6CB08ED}.Debug|Any CPU.Build.0 = Debug|Any CPU
		{23F5CB32-8E4D-400A-93A0-27D8F6CB08ED}.Release|Any CPU.ActiveCfg = Release|Any CPU
		{23F5CB32-8E4D-400A-93A0-27D8F6CB08ED}.Release|Any CPU.Build.0 = Release|Any CPU
	EndGlobalSection
	GlobalSection(SolutionProperties) = preSolution
		HideSolutionNode = FALSE
	EndGlobalSection
	GlobalSection(ExtensibilityGlobals) = postSolution
		SolutionGuid = {6FA742CE-43C9-4FFE-A82B-34D576F1E254}
	EndGlobalSection
EndGlobal
